// !$*UTF8*$!
{
	archiveVersion = 1;
	classes = {
	};
	objectVersion = 50;
	objects = {

/* Begin PBXBuildFile section */
		9DFBCD3C5A27F0ECA9CE8D21 /* libPods-BYHUB_Swift.a in Frameworks */ = {isa = PBXBuildFile; fileRef = E41F23A059A8A5E7A199AD28 /* libPods-BYHUB_Swift.a */; };
		A163837C2202900300AA2B47 /* AppDelegate.swift in Sources */ = {isa = PBXBuildFile; fileRef = A163837B2202900300AA2B47 /* AppDelegate.swift */; };
		A163837E2202900300AA2B47 /* ViewController.swift in Sources */ = {isa = PBXBuildFile; fileRef = A163837D2202900300AA2B47 /* ViewController.swift */; };
		A16383812202900300AA2B47 /* Main.storyboard in Resources */ = {isa = PBXBuildFile; fileRef = A163837F2202900300AA2B47 /* Main.storyboard */; };
		A16383832202900400AA2B47 /* Assets.xcassets in Resources */ = {isa = PBXBuildFile; fileRef = A16383822202900400AA2B47 /* Assets.xcassets */; };
		A16383862202900400AA2B47 /* LaunchScreen.storyboard in Resources */ = {isa = PBXBuildFile; fileRef = A16383842202900400AA2B47 /* LaunchScreen.storyboard */; };
		A163839322029BFC00AA2B47 /* BYHUB.swift in Sources */ = {isa = PBXBuildFile; fileRef = A163839222029BFC00AA2B47 /* BYHUB.swift */; };
		A19DE67022125BC500F3354B /* BYSuccessAminationView.swift in Sources */ = {isa = PBXBuildFile; fileRef = A19DE66D22125BC400F3354B /* BYSuccessAminationView.swift */; };
		A19DE67122125BC500F3354B /* BYErrorAminationView.swift in Sources */ = {isa = PBXBuildFile; fileRef = A19DE66E22125BC400F3354B /* BYErrorAminationView.swift */; };
		A19DE67222125BC500F3354B /* BYAlertAnimationView.swift in Sources */ = {isa = PBXBuildFile; fileRef = A19DE66F22125BC500F3354B /* BYAlertAnimationView.swift */; };
		A19DE6AE2213C1B400F3354B /* BYLoadingAnimationView.swift in Sources */ = {isa = PBXBuildFile; fileRef = A19DE6AD2213C1B400F3354B /* BYLoadingAnimationView.swift */; };
/* End PBXBuildFile section */

/* Begin PBXFileReference section */
		09E3B4BC20F0AEBD6BF0BACE /* Pods-BYHUB_Swift.release.xcconfig */ = {isa = PBXFileReference; includeInIndex = 1; lastKnownFileType = text.xcconfig; name = "Pods-BYHUB_Swift.release.xcconfig"; path = "Pods/Target Support Files/Pods-BYHUB_Swift/Pods-BYHUB_Swift.release.xcconfig"; sourceTree = "<group>"; };
		65C794CF007B2F0C24FCAA56 /* Pods-BYHUB_Swift.debug.xcconfig */ = {isa = PBXFileReference; includeInIndex = 1; lastKnownFileType = text.xcconfig; name = "Pods-BYHUB_Swift.debug.xcconfig"; path = "Pods/Target Support Files/Pods-BYHUB_Swift/Pods-BYHUB_Swift.debug.xcconfig"; sourceTree = "<group>"; };
		A16383782202900300AA2B47 /* BYHUB_Swift.app */ = {isa = PBXFileReference; explicitFileType = wrapper.application; includeInIndex = 0; path = BYHUB_Swift.app; sourceTree = BUILT_PRODUCTS_DIR; };
		A163837B2202900300AA2B47 /* AppDelegate.swift */ = {isa = PBXFileReference; lastKnownFileType = sourcecode.swift; path = AppDelegate.swift; sourceTree = "<group>"; };
		A163837D2202900300AA2B47 /* ViewController.swift */ = {isa = PBXFileReference; lastKnownFileType = sourcecode.swift; path = ViewController.swift; sourceTree = "<group>"; };
		A16383802202900300AA2B47 /* Base */ = {isa = PBXFileReference; lastKnownFileType = file.storyboard; name = Base; path = Base.lproj/Main.storyboard; sourceTree = "<group>"; };
		A16383822202900400AA2B47 /* Assets.xcassets */ = {isa = PBXFileReference; lastKnownFileType = folder.assetcatalog; path = Assets.xcassets; sourceTree = "<group>"; };
		A16383852202900400AA2B47 /* Base */ = {isa = PBXFileReference; lastKnownFileType = file.storyboard; name = Base; path = Base.lproj/LaunchScreen.storyboard; sourceTree = "<group>"; };
		A16383872202900400AA2B47 /* Info.plist */ = {isa = PBXFileReference; lastKnownFileType = text.plist.xml; path = Info.plist; sourceTree = "<group>"; };
		A163839222029BFC00AA2B47 /* BYHUB.swift */ = {isa = PBXFileReference; lastKnownFileType = sourcecode.swift; path = BYHUB.swift; sourceTree = "<group>"; };
		A19DE66D22125BC400F3354B /* BYSuccessAminationView.swift */ = {isa = PBXFileReference; fileEncoding = 4; lastKnownFileType = sourcecode.swift; path = BYSuccessAminationView.swift; sourceTree = "<group>"; };
		A19DE66E22125BC400F3354B /* BYErrorAminationView.swift */ = {isa = PBXFileReference; fileEncoding = 4; lastKnownFileType = sourcecode.swift; path = BYErrorAminationView.swift; sourceTree = "<group>"; };
		A19DE66F22125BC500F3354B /* BYAlertAnimationView.swift */ = {isa = PBXFileReference; fileEncoding = 4; lastKnownFileType = sourcecode.swift; path = BYAlertAnimationView.swift; sourceTree = "<group>"; };
		A19DE6AD2213C1B400F3354B /* BYLoadingAnimationView.swift */ = {isa = PBXFileReference; fileEncoding = 4; lastKnownFileType = sourcecode.swift; path = BYLoadingAnimationView.swift; sourceTree = "<group>"; };
		E41F23A059A8A5E7A199AD28 /* libPods-BYHUB_Swift.a */ = {isa = PBXFileReference; explicitFileType = archive.ar; includeInIndex = 0; path = "libPods-BYHUB_Swift.a"; sourceTree = BUILT_PRODUCTS_DIR; };
/* End PBXFileReference section */

/* Begin PBXFrameworksBuildPhase section */
		A16383752202900300AA2B47 /* Frameworks */ = {
			isa = PBXFrameworksBuildPhase;
			buildActionMask = 2147483647;
			files = (
				9DFBCD3C5A27F0ECA9CE8D21 /* libPods-BYHUB_Swift.a in Frameworks */,
			);
			runOnlyForDeploymentPostprocessing = 0;
		};
/* End PBXFrameworksBuildPhase section */

/* Begin PBXGroup section */
		3E0206D436C8DD4C4A22394A /* Pods */ = {
			isa = PBXGroup;
			children = (
				65C794CF007B2F0C24FCAA56 /* Pods-BYHUB_Swift.debug.xcconfig */,
				09E3B4BC20F0AEBD6BF0BACE /* Pods-BYHUB_Swift.release.xcconfig */,
			);
			name = Pods;
			sourceTree = "<group>";
		};
		89107529E8B3CE5A7CE0581D /* Frameworks */ = {
			isa = PBXGroup;
			children = (
				E41F23A059A8A5E7A199AD28 /* libPods-BYHUB_Swift.a */,
			);
			name = Frameworks;
			sourceTree = "<group>";
		};
		A163836F2202900300AA2B47 = {
			isa = PBXGroup;
			children = (
				A163837A2202900300AA2B47 /* BYHUB_Swift */,
				A16383792202900300AA2B47 /* Products */,
				3E0206D436C8DD4C4A22394A /* Pods */,
				89107529E8B3CE5A7CE0581D /* Frameworks */,
			);
			sourceTree = "<group>";
		};
		A16383792202900300AA2B47 /* Products */ = {
			isa = PBXGroup;
			children = (
				A16383782202900300AA2B47 /* BYHUB_Swift.app */,
			);
			name = Products;
			sourceTree = "<group>";
		};
		A163837A2202900300AA2B47 /* BYHUB_Swift */ = {
			isa = PBXGroup;
			children = (
				A163838D2202912F00AA2B47 /* BYHUB */,
				A163837B2202900300AA2B47 /* AppDelegate.swift */,
				A163837D2202900300AA2B47 /* ViewController.swift */,
				A163837F2202900300AA2B47 /* Main.storyboard */,
				A16383822202900400AA2B47 /* Assets.xcassets */,
				A16383842202900400AA2B47 /* LaunchScreen.storyboard */,
				A16383872202900400AA2B47 /* Info.plist */,
			);
			path = BYHUB_Swift;
			sourceTree = "<group>";
		};
		A163838D2202912F00AA2B47 /* BYHUB */ = {
			isa = PBXGroup;
			children = (
				A19DE6AD2213C1B400F3354B /* BYLoadingAnimationView.swift */,
				A19DE66F22125BC500F3354B /* BYAlertAnimationView.swift */,
				A19DE66E22125BC400F3354B /* BYErrorAminationView.swift */,
				A19DE66D22125BC400F3354B /* BYSuccessAminationView.swift */,
				A163839222029BFC00AA2B47 /* BYHUB.swift */,
			);
			path = BYHUB;
			sourceTree = "<group>";
		};
/* End PBXGroup section */

/* Begin PBXNativeTarget section */
		A16383772202900300AA2B47 /* BYHUB_Swift */ = {
			isa = PBXNativeTarget;
			buildConfigurationList = A163838A2202900400AA2B47 /* Build configuration list for PBXNativeTarget "BYHUB_Swift" */;
			buildPhases = (
				54C573D441EA3F30FDCB7DBC /* [CP] Check Pods Manifest.lock */,
				A16383742202900300AA2B47 /* Sources */,
				A16383752202900300AA2B47 /* Frameworks */,
				A16383762202900300AA2B47 /* Resources */,
			);
			buildRules = (
			);
			dependencies = (
			);
			name = BYHUB_Swift;
			productName = BYHUB_Swift;
			productReference = A16383782202900300AA2B47 /* BYHUB_Swift.app */;
			productType = "com.apple.product-type.application";
		};
/* End PBXNativeTarget section */

/* Begin PBXProject section */
		A16383702202900300AA2B47 /* Project object */ = {
			isa = PBXProject;
			attributes = {
				LastSwiftUpdateCheck = 1010;
				LastUpgradeCheck = 1010;
				ORGANIZATIONNAME = com.jglist;
				TargetAttributes = {
					A16383772202900300AA2B47 = {
						CreatedOnToolsVersion = 10.1;
					};
				};
			};
			buildConfigurationList = A16383732202900300AA2B47 /* Build configuration list for PBXProject "BYHUB_Swift" */;
			compatibilityVersion = "Xcode 9.3";
			developmentRegion = en;
			hasScannedForEncodings = 0;
			knownRegions = (
				en,
				Base,
			);
			mainGroup = A163836F2202900300AA2B47;
			productRefGroup = A16383792202900300AA2B47 /* Products */;
			projectDirPath = "";
			projectRoot = "";
			targets = (
				A16383772202900300AA2B47 /* BYHUB_Swift */,
			);
		};
/* End PBXProject section */

/* Begin PBXResourcesBuildPhase section */
		A16383762202900300AA2B47 /* Resources */ = {
			isa = PBXResourcesBuildPhase;
			buildActionMask = 2147483647;
			files = (
				A16383862202900400AA2B47 /* LaunchScreen.storyboard in Resources */,
				A16383832202900400AA2B47 /* Assets.xcassets in Resources */,
				A16383812202900300AA2B47 /* Main.storyboard in Resources */,
			);
			runOnlyForDeploymentPostprocessing = 0;
		};
/* End PBXResourcesBuildPhase section */

/* Begin PBXShellScriptBuildPhase section */
		54C573D441EA3F30FDCB7DBC /* [CP] Check Pods Manifest.lock */ = {
			isa = PBXShellScriptBuildPhase;
			buildActionMask = 2147483647;
			files = (
			);
			inputFileListPaths = (
			);
			inputPaths = (
				"${PODS_PODFILE_DIR_PATH}/Podfile.lock",
				"${PODS_ROOT}/Manifest.lock",
			);
			name = "[CP] Check Pods Manifest.lock";
			outputFileListPaths = (
			);
			outputPaths = (
				"$(DERIVED_FILE_DIR)/Pods-BYHUB_Swift-checkManifestLockResult.txt",
			);
			runOnlyForDeploymentPostprocessing = 0;
			shellPath = /bin/sh;
			shellScript = "diff \"${PODS_PODFILE_DIR_PATH}/Podfile.lock\" \"${PODS_ROOT}/Manifest.lock\" > /dev/null\nif [ $? != 0 ] ; then\n    # print error to STDERR\n    echo \"error: The sandbox is not in sync with the Podfile.lock. Run 'pod install' or update your CocoaPods installation.\" >&2\n    exit 1\nfi\n# This output is used by Xcode 'outputs' to avoid re-running this script phase.\necho \"SUCCESS\" > \"${SCRIPT_OUTPUT_FILE_0}\"\n";
			showEnvVarsInLog = 0;
		};
/* End PBXShellScriptBuildPhase section */

/* Begin PBXSourcesBuildPhase section */
		A16383742202900300AA2B47 /* Sources */ = {
			isa = PBXSourcesBuildPhase;
			buildActionMask = 2147483647;
			files = (
				A19DE67122125BC500F3354B /* BYErrorAminationView.swift in Sources */,
				A19DE6AE2213C1B400F3354B /* BYLoadingAnimationView.swift in Sources */,
				A19DE67222125BC500F3354B /* BYAlertAnimationView.swift in Sources */,
				A163839322029BFC00AA2B47 /* BYHUB.swift in Sources */,
				A163837E2202900300AA2B47 /* ViewController.swift in Sources */,
				A19DE67022125BC500F3354B /* BYSuccessAminationView.swift in Sources */,
				A163837C2202900300AA2B47 /* AppDelegate.swift in Sources */,
			);
			runOnlyForDeploymentPostprocessing = 0;
		};
/* End PBXSourcesBuildPhase section */

/* Begin PBXVariantGroup section */
		A163837F2202900300AA2B47 /* Main.storyboard */ = {
			isa = PBXVariantGroup;
			children = (
				A16383802202900300AA2B47 /* Base */,
			);
			name = Main.storyboard;
			sourceTree = "<group>";
		};
		A16383842202900400AA2B47 /* LaunchScreen.storyboard */ = {
			isa = PBXVariantGroup;
			children = (
				A16383852202900400AA2B47 /* Base */,
			);
			name = LaunchScreen.storyboard;
			sourceTree = "<group>";
		};
/* End PBXVariantGroup section */

/* Begin XCBuildConfiguration section */
		A16383882202900400AA2B47 /* Debug */ = {
			isa = XCBuildConfiguration;
			buildSettings = {
				ALWAYS_SEARCH_USER_PATHS = NO;
				CLANG_ANALYZER_NONNULL = YES;
				CLANG_ANALYZER_NUMBER_OBJECT_CONVERSION = YES_AGGRESSIVE;
				CLANG_CXX_LANGUAGE_STANDARD = "gnu++14";
				CLANG_CXX_LIBRARY = "libc++";
				CLANG_ENABLE_MODULES = YES;
				CLANG_ENABLE_OBJC_ARC = YES;
				CLANG_ENABLE_OBJC_WEAK = YES;
				CLANG_WARN_BLOCK_CAPTURE_AUTORELEASING = YES;
				CLANG_WARN_BOOL_CONVERSION = YES;
				CLANG_WARN_COMMA = YES;
				CLANG_WARN_CONSTANT_CONVERSION = YES;
				CLANG_WARN_DEPRECATED_OBJC_IMPLEMENTATIONS = YES;
				CLANG_WARN_DIRECT_OBJC_ISA_USAGE = YES_ERROR;
				CLANG_WARN_DOCUMENTATION_COMMENTS = YES;
				CLANG_WARN_EMPTY_BODY = YES;
				CLANG_WARN_ENUM_CONVERSION = YES;
				CLANG_WARN_INFINITE_RECURSION = YES;
				CLANG_WARN_INT_CONVERSION = YES;
				CLANG_WARN_NON_LITERAL_NULL_CONVERSION = YES;
				CLANG_WARN_OBJC_IMPLICIT_RETAIN_SELF = YES;
				CLANG_WARN_OBJC_LITERAL_CONVERSION = YES;
				CLANG_WARN_OBJC_ROOT_CLASS = YES_ERROR;
				CLANG_WARN_RANGE_LOOP_ANALYSIS = YES;
				CLANG_WARN_STRICT_PROTOTYPES = YES;
				CLANG_WARN_SUSPICIOUS_MOVE = YES;
				CLANG_WARN_UNGUARDED_AVAILABILITY = YES_AGGRESSIVE;
				CLANG_WARN_UNREACHABLE_CODE = YES;
				CLANG_WARN__DUPLICATE_METHOD_MATCH = YES;
				CODE_SIGN_IDENTITY = "iPhone Developer";
				COPY_PHASE_STRIP = NO;
				DEBUG_INFORMATION_FORMAT = dwarf;
				ENABLE_STRICT_OBJC_MSGSEND = YES;
				ENABLE_TESTABILITY = YES;
				GCC_C_LANGUAGE_STANDARD = gnu11;
				GCC_DYNAMIC_NO_PIC = NO;
				GCC_NO_COMMON_BLOCKS = YES;
				GCC_OPTIMIZATION_LEVEL = 0;
				GCC_PREPROCESSOR_DEFINITIONS = (
					"DEBUG=1",
					"$(inherited)",
				);
				GCC_WARN_64_TO_32_BIT_CONVERSION = YES;
				GCC_WARN_ABOUT_RETURN_TYPE = YES_ERROR;
				GCC_WARN_UNDECLARED_SELECTOR = YES;
				GCC_WARN_UNINITIALIZED_AUTOS = YES_AGGRESSIVE;
				GCC_WARN_UNUSED_FUNCTION = YES;
				GCC_WARN_UNUSED_VARIABLE = YES;
				IPHONEOS_DEPLOYMENT_TARGET = 11.0;
				MTL_ENABLE_DEBUG_INFO = INCLUDE_SOURCE;
				MTL_FAST_MATH = YES;
				ONLY_ACTIVE_ARCH = YES;
				SDKROOT = iphoneos;
				SWIFT_ACTIVE_COMPILATION_CONDITIONS = DEBUG;
				SWIFT_OPTIMIZATION_LEVEL = "-Onone";
			};
			name = Debug;
		};
		A16383892202900400AA2B47 /* Release */ = {
			isa = XCBuildConfiguration;
			buildSettings = {
				ALWAYS_SEARCH_USER_PATHS = NO;
				CLANG_ANALYZER_NONNULL = YES;
				CLANG_ANALYZER_NUMBER_OBJECT_CONVERSION = YES_AGGRESSIVE;
				CLANG_CXX_LANGUAGE_STANDARD = "gnu++14";
				CLANG_CXX_LIBRARY = "libc++";
				CLANG_ENABLE_MODULES = YES;
				CLANG_ENABLE_OBJC_ARC = YES;
				CLANG_ENABLE_OBJC_WEAK = YES;
				CLANG_WARN_BLOCK_CAPTURE_AUTORELEASING = YES;
				CLANG_WARN_BOOL_CONVERSION = YES;
				CLANG_WARN_COMMA = YES;
				CLANG_WARN_CONSTANT_CONVERSION = YES;
				CLANG_WARN_DEPRECATED_OBJC_IMPLEMENTATIONS = YES;
				CLANG_WARN_DIRECT_OBJC_ISA_USAGE = YES_ERROR;
				CLANG_WARN_DOCUMENTATION_COMMENTS = YES;
				CLANG_WARN_EMPTY_BODY = YES;
				CLANG_WARN_ENUM_CONVERSION = YES;
				CLANG_WARN_INFINITE_RECURSION = YES;
				CLANG_WARN_INT_CONVERSION = YES;
				CLANG_WARN_NON_LITERAL_NULL_CONVERSION = YES;
				CLANG_WARN_OBJC_IMPLICIT_RETAIN_SELF = YES;
				CLANG_WARN_OBJC_LITERAL_CONVERSION = YES;
				CLANG_WARN_OBJC_ROOT_CLASS = YES_ERROR;
				CLANG_WARN_RANGE_LOOP_ANALYSIS = YES;
				CLANG_WARN_STRICT_PROTOTYPES = YES;
				CLANG_WARN_SUSPICIOUS_MOVE = YES;
				CLANG_WARN_UNGUARDED_AVAILABILITY = YES_AGGRESSIVE;
				CLANG_WARN_UNREACHABLE_CODE = YES;
				CLANG_WARN__DUPLICATE_METHOD_MATCH = YES;
				CODE_SIGN_IDENTITY = "iPhone Developer";
				COPY_PHASE_STRIP = NO;
				DEBUG_INFORMATION_FORMAT = "dwarf-with-dsym";
				ENABLE_NS_ASSERTIONS = NO;
				ENABLE_STRICT_OBJC_MSGSEND = YES;
				GCC_C_LANGUAGE_STANDARD = gnu11;
				GCC_NO_COMMON_BLOCKS = YES;
				GCC_WARN_64_TO_32_BIT_CONVERSION = YES;
				GCC_WARN_ABOUT_RETURN_TYPE = YES_ERROR;
				GCC_WARN_UNDECLARED_SELECTOR = YES;
				GCC_WARN_UNINITIALIZED_AUTOS = YES_AGGRESSIVE;
				GCC_WARN_UNUSED_FUNCTION = YES;
				GCC_WARN_UNUSED_VARIABLE = YES;
				IPHONEOS_DEPLOYMENT_TARGET = 11.0;
				MTL_ENABLE_DEBUG_INFO = NO;
				MTL_FAST_MATH = YES;
				SDKROOT = iphoneos;
				SWIFT_COMPILATION_MODE = wholemodule;
				SWIFT_OPTIMIZATION_LEVEL = "-O";
				VALIDATE_PRODUCT = YES;
			};
			name = Release;
		};
		A163838B2202900400AA2B47 /* Debug */ = {
			isa = XCBuildConfiguration;
			baseConfigurationReference = 65C794CF007B2F0C24FCAA56 /* Pods-BYHUB_Swift.debug.xcconfig */;
			buildSettings = {
				ASSETCATALOG_COMPILER_APPICON_NAME = AppIcon;
				CODE_SIGN_STYLE = Automatic;
				DEVELOPMENT_TEAM = AT5LPJ3SHS;
				INFOPLIST_FILE = BYHUB_Swift/Info.plist;
				LD_RUNPATH_SEARCH_PATHS = (
					"$(inherited)",
					"@executable_path/Frameworks",
				);
				PRODUCT_BUNDLE_IDENTIFIER = "com.jglist.BYHUB-Swift";
				PRODUCT_NAME = "$(TARGET_NAME)";
				SWIFT_VERSION = 4.2;
				TARGETED_DEVICE_FAMILY = "1,2";
			};
			name = Debug;
		};
		A163838C2202900400AA2B47 /* Release */ = {
			isa = XCBuildConfiguration;
			baseConfigurationReference = 09E3B4BC20F0AEBD6BF0BACE /* Pods-BYHUB_Swift.release.xcconfig */;
			buildSettings = {
				ASSETCATALOG_COMPILER_APPICON_NAME = AppIcon;
				CODE_SIGN_STYLE = Automatic;
				DEVELOPMENT_TEAM = AT5LPJ3SHS;
				INFOPLIST_FILE = BYHUB_Swift/Info.plist;
				LD_RUNPATH_SEARCH_PATHS = (
					"$(inherited)",
					"@executable_path/Frameworks",
				);
				PRODUCT_BUNDLE_IDENTIFIER = "com.jglist.BYHUB-Swift";
				PRODUCT_NAME = "$(TARGET_NAME)";
				SWIFT_VERSION = 4.2;
				TARGETED_DEVICE_FAMILY = "1,2";
			};
			name = Release;
		};
/* End XCBuildConfiguration section */

/* Begin XCConfigurationList section */
		A16383732202900300AA2B47 /* Build configuration list for PBXProject "BYHUB_Swift" */ = {
			isa = XCConfigurationList;
			buildConfigurations = (
				A16383882202900400AA2B47 /* Debug */,
				A16383892202900400AA2B47 /* Release */,
			);
			defaultConfigurationIsVisible = 0;
			defaultConfigurationName = Release;
		};
		A163838A2202900400AA2B47 /* Build configuration list for PBXNativeTarget "BYHUB_Swift" */ = {
			isa = XCConfigurationList;
			buildConfigurations = (
				A163838B2202900400AA2B47 /* Debug */,
				A163838C2202900400AA2B47 /* Release */,
			);
			defaultConfigurationIsVisible = 0;
			defaultConfigurationName = Release;
		};
/* End XCConfigurationList section */
	};
	rootObject = A16383702202900300AA2B47 /* Project object */;
}
